// !$*UTF8*$!
{
	archiveVersion = 1;
	classes = {
	};
	objectVersion = 50;
	objects = {

/* Begin PBXBuildFile section */
		9043A64723FD9B6600C2AF13 /* main.cpp in Sources */ = {isa = PBXBuildFile; fileRef = 9043A64623FD9B6600C2AF13 /* main.cpp */; };
		9043A64F23FD9C9100C2AF13 /* UpandOutEurCall.cpp in Sources */ = {isa = PBXBuildFile; fileRef = 9043A64D23FD9C9100C2AF13 /* UpandOutEurCall.cpp */; };
		9078ED5624003CA6004ECE76 /* BinModel.cpp in Sources */ = {isa = PBXBuildFile; fileRef = 9078ED5424003CA6004ECE76 /* BinModel.cpp */; };
/* End PBXBuildFile section */

/* Begin PBXCopyFilesBuildPhase section */
		9043A64123FD9B6600C2AF13 /* CopyFiles */ = {
			isa = PBXCopyFilesBuildPhase;
			buildActionMask = 2147483647;
			dstPath = /usr/share/man/man1/;
			dstSubfolderSpec = 0;
			files = (
			);
			runOnlyForDeploymentPostprocessing = 1;
		};
/* End PBXCopyFilesBuildPhase section */

/* Begin PBXFileReference section */
		9043A64323FD9B6600C2AF13 /* UpandOutEurCall */ = {isa = PBXFileReference; explicitFileType = "compiled.mach-o.executable"; includeInIndex = 0; path = UpandOutEurCall; sourceTree = BUILT_PRODUCTS_DIR; };
		9043A64623FD9B6600C2AF13 /* main.cpp */ = {isa = PBXFileReference; lastKnownFileType = sourcecode.cpp.cpp; path = main.cpp; sourceTree = "<group>"; };
		9043A64D23FD9C9100C2AF13 /* UpandOutEurCall.cpp */ = {isa = PBXFileReference; lastKnownFileType = sourcecode.cpp.cpp; path = UpandOutEurCall.cpp; sourceTree = "<group>"; };
		9043A64E23FD9C9100C2AF13 /* UpandOutEurCall.hpp */ = {isa = PBXFileReference; lastKnownFileType = sourcecode.cpp.h; path = UpandOutEurCall.hpp; sourceTree = "<group>"; };
		9078ED5424003CA6004ECE76 /* BinModel.cpp */ = {isa = PBXFileReference; lastKnownFileType = sourcecode.cpp.cpp; path = BinModel.cpp; sourceTree = "<group>"; };
		9078ED5524003CA6004ECE76 /* BinModel.hpp */ = {isa = PBXFileReference; lastKnownFileType = sourcecode.cpp.h; path = BinModel.hpp; sourceTree = "<group>"; };
/* End PBXFileReference section */

/* Begin PBXFrameworksBuildPhase section */
		9043A64023FD9B6600C2AF13 /* Frameworks */ = {
			isa = PBXFrameworksBuildPhase;
			buildActionMask = 2147483647;
			files = (
			);
			runOnlyForDeploymentPostprocessing = 0;
		};
/* End PBXFrameworksBuildPhase section */

/* Begin PBXGroup section */
		9043A63A23FD9B6600C2AF13 = {
			isa = PBXGroup;
			children = (
				9043A64523FD9B6600C2AF13 /* UpandOutEurCall */,
				9043A64423FD9B6600C2AF13 /* Products */,
			);
			sourceTree = "<group>";
		};
		9043A64423FD9B6600C2AF13 /* Products */ = {
			isa = PBXGroup;
			children = (
				9043A64323FD9B6600C2AF13 /* UpandOutEurCall */,
			);
			name = Products;
			sourceTree = "<group>";
		};
		9043A64523FD9B6600C2AF13 /* UpandOutEurCall */ = {
			isa = PBXGroup;
			children = (
				9078ED5524003CA6004ECE76 /* BinModel.hpp */,
				9078ED5424003CA6004ECE76 /* BinModel.cpp */,
				9043A64E23FD9C9100C2AF13 /* UpandOutEurCall.hpp */,
				9043A64D23FD9C9100C2AF13 /* UpandOutEurCall.cpp */,
				9043A64623FD9B6600C2AF13 /* main.cpp */,
			);
			path = UpandOutEurCall;
			sourceTree = "<group>";
		};
/* End PBXGroup section */

/* Begin PBXNativeTarget section */
		9043A64223FD9B6600C2AF13 /* UpandOutEurCall */ = {
			isa = PBXNativeTarget;
			buildConfigurationList = 9043A64A23FD9B6600C2AF13 /* Build configuration list for PBXNativeTarget "UpandOutEurCall" */;
			buildPhases = (
				9043A63F23FD9B6600C2AF13 /* Sources */,
				9043A64023FD9B6600C2AF13 /* Frameworks */,
				9043A64123FD9B6600C2AF13 /* CopyFiles */,
			);
			buildRules = (
			);
			dependencies = (
			);
			name = UpandOutEurCall;
			productName = UpandOutEurCall;
			productReference = 9043A64323FD9B6600C2AF13 /* UpandOutEurCall */;
			productType = "com.apple.product-type.tool";
		};
/* End PBXNativeTarget section */

/* Begin PBXProject section */
		9043A63B23FD9B6600C2AF13 /* Project object */ = {
			isa = PBXProject;
			attributes = {
				LastUpgradeCheck = 1130;
				ORGANIZATIONNAME = Shankar;
				TargetAttributes = {
					9043A64223FD9B6600C2AF13 = {
						CreatedOnToolsVersion = 11.3.1;
					};
				};
			};
			buildConfigurationList = 9043A63E23FD9B6600C2AF13 /* Build configuration list for PBXProject "UpandOutEurCall" */;
			compatibilityVersion = "Xcode 9.3";
			developmentRegion = en;
			hasScannedForEncodings = 0;
			knownRegions = (
				en,
				Base,
			);
			mainGroup = 9043A63A23FD9B6600C2AF13;
			productRefGroup = 9043A64423FD9B6600C2AF13 /* Products */;
			projectDirPath = "";
			projectRoot = "";
			targets = (
				9043A64223FD9B6600C2AF13 /* UpandOutEurCall */,
			);
		};
/* End PBXProject section */

/* Begin PBXSourcesBuildPhase section */
		9043A63F23FD9B6600C2AF13 /* Sources */ = {
			isa = PBXSourcesBuildPhase;
			buildActionMask = 2147483647;
			files = (
				9043A64F23FD9C9100C2AF13 /* UpandOutEurCall.cpp in Sources */,
				9043A64723FD9B6600C2AF13 /* main.cpp in Sources */,
				9078ED5624003CA6004ECE76 /* BinModel.cpp in Sources */,
			);
			runOnlyForDeploymentPostprocessing = 0;
		};
/* End PBXSourcesBuildPhase section */

/* Begin XCBuildConfiguration section */
		9043A64823FD9B6600C2AF13 /* Debug */ = {
			isa = XCBuildConfiguration;
			buildSettings = {
				ALWAYS_SEARCH_USER_PATHS = NO;
				CLANG_ANALYZER_NONNULL = YES;
				CLANG_ANALYZER_NUMBER_OBJECT_CONVERSION = YES_AGGRESSIVE;
				CLANG_CXX_LANGUAGE_STANDARD = "gnu++14";
				CLANG_CXX_LIBRARY = "libc++";
				CLANG_ENABLE_MODULES = YES;
				CLANG_ENABLE_OBJC_ARC = YES;
				CLANG_ENABLE_OBJC_WEAK = YES;
				CLANG_WARN_BLOCK_CAPTURE_AUTORELEASING = YES;
				CLANG_WARN_BOOL_CONVERSION = YES;
				CLANG_WARN_COMMA = YES;
				CLANG_WARN_CONSTANT_CONVERSION = YES;
				CLANG_WARN_DEPRECATED_OBJC_IMPLEMENTATIONS = YES;
				CLANG_WARN_DIRECT_OBJC_ISA_USAGE = YES_ERROR;
				CLANG_WARN_DOCUMENTATION_COMMENTS = YES;
				CLANG_WARN_EMPTY_BODY = YES;
				CLANG_WARN_ENUM_CONVERSION = YES;
				CLANG_WARN_INFINITE_RECURSION = YES;
				CLANG_WARN_INT_CONVERSION = YES;
				CLANG_WARN_NON_LITERAL_NULL_CONVERSION = YES;
				CLANG_WARN_OBJC_IMPLICIT_RETAIN_SELF = YES;
				CLANG_WARN_OBJC_LITERAL_CONVERSION = YES;
				CLANG_WARN_OBJC_ROOT_CLASS = YES_ERROR;
				CLANG_WARN_RANGE_LOOP_ANALYSIS = YES;
				CLANG_WARN_STRICT_PROTOTYPES = YES;
				CLANG_WARN_SUSPICIOUS_MOVE = YES;
				CLANG_WARN_UNGUARDED_AVAILABILITY = YES_AGGRESSIVE;
				CLANG_WARN_UNREACHABLE_CODE = YES;
				CLANG_WARN__DUPLICATE_METHOD_MATCH = YES;
				COPY_PHASE_STRIP = NO;
				DEBUG_INFORMATION_FORMAT = dwarf;
				ENABLE_STRICT_OBJC_MSGSEND = YES;
				ENABLE_TESTABILITY = YES;
				GCC_C_LANGUAGE_STANDARD = gnu11;
				GCC_DYNAMIC_NO_PIC = NO;
				GCC_NO_COMMON_BLOCKS = YES;
				GCC_OPTIMIZATION_LEVEL = 0;
				GCC_PREPROCESSOR_DEFINITIONS = (
					"DEBUG=1",
					"$(inherited)",
				);
				GCC_WARN_64_TO_32_BIT_CONVERSION = YES;
				GCC_WARN_ABOUT_RETURN_TYPE = YES_ERROR;
				GCC_WARN_UNDECLARED_SELECTOR = YES;
				GCC_WARN_UNINITIALIZED_AUTOS = YES_AGGRESSIVE;
				GCC_WARN_UNUSED_FUNCTION = YES;
				GCC_WARN_UNUSED_VARIABLE = YES;
				MACOSX_DEPLOYMENT_TARGET = 10.15;
				MTL_ENABLE_DEBUG_INFO = INCLUDE_SOURCE;
				MTL_FAST_MATH = YES;
				ONLY_ACTIVE_ARCH = YES;
				SDKROOT = macosx;
			};
			name = Debug;
		};
		9043A64923FD9B6600C2AF13 /* Release */ = {
			isa = XCBuildConfiguration;
			buildSettings = {
				ALWAYS_SEARCH_USER_PATHS = NO;
				CLANG_ANALYZER_NONNULL = YES;
				CLANG_ANALYZER_NUMBER_OBJECT_CONVERSION = YES_AGGRESSIVE;
				CLANG_CXX_LANGUAGE_STANDARD = "gnu++14";
				CLANG_CXX_LIBRARY = "libc++";
				CLANG_ENABLE_MODULES = YES;
				CLANG_ENABLE_OBJC_ARC = YES;
				CLANG_ENABLE_OBJC_WEAK = YES;
				CLANG_WARN_BLOCK_CAPTURE_AUTORELEASING = YES;
				CLANG_WARN_BOOL_CONVERSION = YES;
				CLANG_WARN_COMMA = YES;
				CLANG_WARN_CONSTANT_CONVERSION = YES;
				CLANG_WARN_DEPRECATED_OBJC_IMPLEMENTATIONS = YES;
				CLANG_WARN_DIRECT_OBJC_ISA_USAGE = YES_ERROR;
				CLANG_WARN_DOCUMENTATION_COMMENTS = YES;
				CLANG_WARN_EMPTY_BODY = YES;
				CLANG_WARN_ENUM_CONVERSION = YES;
				CLANG_WARN_INFINITE_RECURSION = YES;
				CLANG_WARN_INT_CONVERSION = YES;
				CLANG_WARN_NON_LITERAL_NULL_CONVERSION = YES;
				CLANG_WARN_OBJC_IMPLICIT_RETAIN_SELF = YES;
				CLANG_WARN_OBJC_LITERAL_CONVERSION = YES;
				CLANG_WARN_OBJC_ROOT_CLASS = YES_ERROR;
				CLANG_WARN_RANGE_LOOP_ANALYSIS = YES;
				CLANG_WARN_STRICT_PROTOTYPES = YES;
				CLANG_WARN_SUSPICIOUS_MOVE = YES;
				CLANG_WARN_UNGUARDED_AVAILABILITY = YES_AGGRESSIVE;
				CLANG_WARN_UNREACHABLE_CODE = YES;
				CLANG_WARN__DUPLICATE_METHOD_MATCH = YES;
				COPY_PHASE_STRIP = NO;
				DEBUG_INFORMATION_FORMAT = "dwarf-with-dsym";
				ENABLE_NS_ASSERTIONS = NO;
				ENABLE_STRICT_OBJC_MSGSEND = YES;
				GCC_C_LANGUAGE_STANDARD = gnu11;
				GCC_NO_COMMON_BLOCKS = YES;
				GCC_WARN_64_TO_32_BIT_CONVERSION = YES;
				GCC_WARN_ABOUT_RETURN_TYPE = YES_ERROR;
				GCC_WARN_UNDECLARED_SELECTOR = YES;
				GCC_WARN_UNINITIALIZED_AUTOS = YES_AGGRESSIVE;
				GCC_WARN_UNUSED_FUNCTION = YES;
				GCC_WARN_UNUSED_VARIABLE = YES;
				MACOSX_DEPLOYMENT_TARGET = 10.15;
				MTL_ENABLE_DEBUG_INFO = NO;
				MTL_FAST_MATH = YES;
				SDKROOT = macosx;
			};
			name = Release;
		};
		9043A64B23FD9B6600C2AF13 /* Debug */ = {
			isa = XCBuildConfiguration;
			buildSettings = {
				CODE_SIGN_STYLE = Automatic;
				PRODUCT_NAME = "$(TARGET_NAME)";
			};
			name = Debug;
		};
		9043A64C23FD9B6600C2AF13 /* Release */ = {
			isa = XCBuildConfiguration;
			buildSettings = {
				CODE_SIGN_STYLE = Automatic;
				PRODUCT_NAME = "$(TARGET_NAME)";
			};
			name = Release;
		};
/* End XCBuildConfiguration section */

/* Begin XCConfigurationList section */
		9043A63E23FD9B6600C2AF13 /* Build configuration list for PBXProject "UpandOutEurCall" */ = {
			isa = XCConfigurationList;
			buildConfigurations = (
				9043A64823FD9B6600C2AF13 /* Debug */,
				9043A64923FD9B6600C2AF13 /* Release */,
			);
			defaultConfigurationIsVisible = 0;
			defaultConfigurationName = Release;
		};
		9043A64A23FD9B6600C2AF13 /* Build configuration list for PBXNativeTarget "UpandOutEurCall" */ = {
			isa = XCConfigurationList;
			buildConfigurations = (
				9043A64B23FD9B6600C2AF13 /* Debug */,
				9043A64C23FD9B6600C2AF13 /* Release */,
			);
			defaultConfigurationIsVisible = 0;
			defaultConfigurationName = Release;
		};
/* End XCConfigurationList section */
	};
	rootObject = 9043A63B23FD9B6600C2AF13 /* Project object */;
}
